{
  "name": "bundlee",
  "lockfileVersion": 3,
  "requires": true,
  "packages": {
    "": {
      "dependencies": {
        "@cross/test": "npm:@jsr/cross__test@^0.0.9",
        "@cross/utils": "npm:@jsr/cross__utils@^0.11.0",
        "@std/assert": "npm:@jsr/std__assert@^0.223.0",
        "@std/encoding": "npm:@jsr/std__encoding@^0.223.0",
        "@std/io": "npm:@jsr/std__io@^0.223.0",
        "@std/media-types": "npm:@jsr/std__media-types@^0.223.0",
        "@std/path": "npm:@jsr/std__path@^0.223.0"
      }
    },
    "node_modules/@cross/test": {
      "name": "@jsr/cross__test",
      "version": "0.0.9",
      "resolved": "https://npm.jsr.io/~/7/@jsr/cross__test/0.0.9.tgz",
      "integrity": "sha512-FvOCwtN/WLXwpTFZSRzuXQvmz+ylCi0cwGdzElLnD+kZhrU/GfJxzhnu/Y9/oFvn/o2tpF0lzQ0qWVLh2GY/FA==",
      "dependencies": {
        "@jsr/cross__runtime": "^1.0.0"
      }
    },
    "node_modules/@cross/utils": {
      "name": "@jsr/cross__utils",
      "version": "0.11.0",
      "resolved": "https://npm.jsr.io/~/7/@jsr/cross__utils/0.11.0.tgz",
      "integrity": "sha512-5HSmLRFC3W2wNgHdGw91upeV8NbXOqzBIf5LRAYeRHv5cM2FtmPFynTpGWc6XadHvyQey6WoG6RjsJzZ8l/sYA==",
      "dependencies": {
        "@jsr/cross__fs": "^0.0.8",
        "@jsr/cross__runtime": "^1.0.0"
      }
    },
    "node_modules/@jsr/cross__deepmerge": {
      "version": "1.0.0",
      "resolved": "https://npm.jsr.io/~/7/@jsr/cross__deepmerge/1.0.0.tgz",
      "integrity": "sha512-glC5n/VoOSoDJdN8t0YV2RObfdQ4DOBs/GT+MY7av05O1EuyOxWq/wp4UKrrh6bFGZtEDpKaqS5M/5cBhZqEsA=="
    },
    "node_modules/@jsr/cross__dir": {
      "version": "1.1.0",
      "resolved": "https://npm.jsr.io/~/7/@jsr/cross__dir/1.1.0.tgz",
      "integrity": "sha512-5kTYMco6pWKSR+8EvqHfbzXNWCXsV9miRAWmDzvJeSjO7V0ZgvH6zZZZkuChQJZi+arc3ErqlmFxalc3dXfqzg==",
      "dependencies": {
        "@jsr/cross__env": "^1.0.0",
        "@jsr/cross__runtime": "^1.0.0",
        "@jsr/cross__utils": "^0.7.0"
      }
    },
    "node_modules/@jsr/cross__dir/node_modules/@jsr/cross__utils": {
      "version": "0.7.1",
      "resolved": "https://npm.jsr.io/~/7/@jsr/cross__utils/0.7.1.tgz",
      "integrity": "sha512-ir9jIdmrcrrsf1SyR8Mqi1A8cJrGQoHQM07WYWJNJeZXIyf4vZc2467c6WF7AagajjWf4y65yImb/sjewP9hOQ==",
      "dependencies": {
        "@jsr/cross__runtime": "^1.0.0"
      }
    },
    "node_modules/@jsr/cross__env": {
      "version": "1.0.0",
      "resolved": "https://npm.jsr.io/~/7/@jsr/cross__env/1.0.0.tgz",
      "integrity": "sha512-AOE7fFQV2SZrdzuFCUqGB5ikJq4l7I6TVvM5G/v4jIz9itFegMIPU3tYy+ycgcz83kRwHDT+p2+mQFfj87t7tA==",
      "dependencies": {
        "@jsr/cross__deepmerge": "^1.0.0",
        "@jsr/cross__runtime": "^1.0.0"
      }
    },
    "node_modules/@jsr/cross__fs": {
      "version": "0.0.8",
      "resolved": "https://npm.jsr.io/~/7/@jsr/cross__fs/0.0.8.tgz",
      "integrity": "sha512-fude9fFUzQ3G39WU6Ters0+LCQ1+YuiHNH9SGEalD6laGn3YP/LDmcUnnu6SAEc3kxqy4asAbH02+qv/tEV9rA==",
      "dependencies": {
        "@jsr/cross__dir": "^1.1.0",
        "@jsr/cross__env": "^1.0.0",
        "@jsr/cross__runtime": "^1.0.0",
        "@jsr/cross__utils": "^0.9.0",
        "@jsr/std__path": "^0.221.0"
      }
    },
    "node_modules/@jsr/cross__runtime": {
      "version": "1.0.0",
      "resolved": "https://npm.jsr.io/~/7/@jsr/cross__runtime/1.0.0.tgz",
      "integrity": "sha512-0f+oV84WPC45JYWazCTNXxPJ3qBoWCS9Zz1NbqCegM9oQDSv3/gXbTrKYjBX7MJPVFhpKAnYFADxKUZkKDG8WQ=="
    },
    "node_modules/@jsr/cross__utils": {
      "version": "0.9.4",
      "resolved": "https://npm.jsr.io/~/7/@jsr/cross__utils/0.9.4.tgz",
      "integrity": "sha512-/BH4zVjLzkfxao3xNb+juDOyB2JHFvJjNPneGT6JslWI09+S8CywXu6e4ZV9jmnyvgUt7NOEoNkvFuBZ9xG0zw==",
      "dependencies": {
        "@jsr/cross__fs": "^0.0.8",
        "@jsr/cross__runtime": "^1.0.0"
      }
    },
    "node_modules/@jsr/std__assert": {
      "version": "0.221.0",
      "resolved": "https://npm.jsr.io/~/7/@jsr/std__assert/0.221.0.tgz",
      "integrity": "sha512-80CaXzJbEzFR3ywnCnht3JJatMSuJrTltVbNlOgsSwAN19zDKgYocBglG03WwwzFUaH+sMcUFvVX775ISauvxA==",
      "dependencies": {
        "@jsr/std__fmt": "^0.221.0"
      }
    },
    "node_modules/@jsr/std__bytes": {
      "version": "0.223.0",
      "resolved": "https://npm.jsr.io/~/7/@jsr/std__bytes/0.223.0.tgz",
      "integrity": "sha512-xxZTiXG+CcODlq5SZHIjyQ0t1WFLzmNBAwOEMeY7hFDl8Ca83ZshLCcfIsTk3FNb72Lx1IP7J0OfvBijdnTCbQ=="
    },
    "node_modules/@jsr/std__fmt": {
      "version": "0.221.0",
      "resolved": "https://npm.jsr.io/~/7/@jsr/std__fmt/0.221.0.tgz",
      "integrity": "sha512-fV88P+sJBWY5Z5CxYH8MAebL6ZYCoCsm3/hGi2yDDXP7lj8qsLM3IxcUrf472oZ47vvXWbj3o/0EJcPvJoA49A=="
    },
    "node_modules/@jsr/std__path": {
      "version": "0.221.0",
      "resolved": "https://npm.jsr.io/~/7/@jsr/std__path/0.221.0.tgz",
      "integrity": "sha512-zr0cpjHSkHytCmFkMR82urERTpeeADh206q0WjuTxWP5FlUluvCKVfuM7/dXRazQYqr9nEWIcN+MnFWXa4QD/Q==",
      "dependencies": {
        "@jsr/std__assert": "^0.221.0"
      }
    },
    "node_modules/@std/assert": {
      "name": "@jsr/std__assert",
      "version": "0.223.0",
      "resolved": "https://npm.jsr.io/~/7/@jsr/std__assert/0.223.0.tgz",
      "integrity": "sha512-FodvKma4cGwMd84hZHdWMRb/VLBg6bAZ+pls3esSPjLNbDTC2/ddCH2x17vP66wxfaWeTA9QdgbqTd0XP8g9MQ==",
      "dependencies": {
        "@jsr/std__fmt": "^0.223.0"
      }
    },
    "node_modules/@std/assert/node_modules/@jsr/std__fmt": {
      "version": "0.223.0",
      "resolved": "https://npm.jsr.io/~/7/@jsr/std__fmt/0.223.0.tgz",
      "integrity": "sha512-o00gDz8W226MNYzmLnHUn2Tl4y4cUWDZerLhENaWDfQi4iDcX2n1M3rm2BRylx7jqq0Lfr/TJzrYtMmFQqmXSQ=="
    },
    "node_modules/@std/encoding": {
      "name": "@jsr/std__encoding",
      "version": "0.223.0",
      "resolved": "https://npm.jsr.io/~/7/@jsr/std__encoding/0.223.0.tgz",
      "integrity": "sha512-zXirYIalNXBHLkN3A3A2pa6sfJkeDx5NYD9ofM6LX83iq7d4x7cDf/qYsW3WTsO59GM0xL8E6kKwbQMAY33qbg=="
    },
    "node_modules/@std/io": {
      "name": "@jsr/std__io",
      "version": "0.223.0",
      "resolved": "https://npm.jsr.io/~/7/@jsr/std__io/0.223.0.tgz",
      "integrity": "sha512-PXY7i1GcHOF02JJlkjvhHtDGZ6Vswhn/GM+Ob+iyXqLxALzFu/8g54WL7f6/jSDGA5z9m7ZiqTGAlvtCuu81qg==",
      "dependencies": {
        "@jsr/std__assert": "^0.223.0",
        "@jsr/std__bytes": "^0.223.0"
      }
    },
    "node_modules/@std/io/node_modules/@jsr/std__assert": {
      "version": "0.223.0",
      "resolved": "https://npm.jsr.io/~/7/@jsr/std__assert/0.223.0.tgz",
      "integrity": "sha512-FodvKma4cGwMd84hZHdWMRb/VLBg6bAZ+pls3esSPjLNbDTC2/ddCH2x17vP66wxfaWeTA9QdgbqTd0XP8g9MQ==",
      "dependencies": {
        "@jsr/std__fmt": "^0.223.0"
      }
    },
    "node_modules/@std/io/node_modules/@jsr/std__fmt": {
      "version": "0.223.0",
      "resolved": "https://npm.jsr.io/~/7/@jsr/std__fmt/0.223.0.tgz",
      "integrity": "sha512-o00gDz8W226MNYzmLnHUn2Tl4y4cUWDZerLhENaWDfQi4iDcX2n1M3rm2BRylx7jqq0Lfr/TJzrYtMmFQqmXSQ=="
    },
    "node_modules/@std/media-types": {
      "name": "@jsr/std__media-types",
      "version": "0.223.0",
      "resolved": "https://npm.jsr.io/~/7/@jsr/std__media-types/0.223.0.tgz",
      "integrity": "sha512-f/Ii1kQB765w10M0/EC1KkOgpYZVrQcCTrLkpqbWpEBEv6GMBXAzbqm9a7CeO1bL0AuW20cpPir5FGqGcUIwsA=="
    },
    "node_modules/@std/path": {
      "name": "@jsr/std__path",
      "version": "0.223.0",
      "resolved": "https://npm.jsr.io/~/7/@jsr/std__path/0.223.0.tgz",
      "integrity": "sha512-8KH7pk6xqt2PHDpZJ07dR7D73sywPWhn1SObeUDjrWy4NnjOQLYRYtEJx8O/mWVOl8Wav4944L3vxni0WACtfg==",
      "dependencies": {
        "@jsr/std__assert": "^0.223.0"
      }
    },
    "node_modules/@std/path/node_modules/@jsr/std__assert": {
      "version": "0.223.0",
      "resolved": "https://npm.jsr.io/~/7/@jsr/std__assert/0.223.0.tgz",
      "integrity": "sha512-FodvKma4cGwMd84hZHdWMRb/VLBg6bAZ+pls3esSPjLNbDTC2/ddCH2x17vP66wxfaWeTA9QdgbqTd0XP8g9MQ==",
      "dependencies": {
        "@jsr/std__fmt": "^0.223.0"
      }
    },
    "node_modules/@std/path/node_modules/@jsr/std__fmt": {
      "version": "0.223.0",
      "resolved": "https://npm.jsr.io/~/7/@jsr/std__fmt/0.223.0.tgz",
      "integrity": "sha512-o00gDz8W226MNYzmLnHUn2Tl4y4cUWDZerLhENaWDfQi4iDcX2n1M3rm2BRylx7jqq0Lfr/TJzrYtMmFQqmXSQ=="
    }
  }
}
